// !$*UTF8*$!
{
	archiveVersion = 1;
	classes = {
	};
	objectVersion = 56;
	objects = {

/* Begin PBXBuildFile section */
		06E4FAD12BC862CB00C7BD4E /* CultivosUrbanosApp.swift in Sources */ = {isa = PBXBuildFile; fileRef = 06E4FAD02BC862CB00C7BD4E /* CultivosUrbanosApp.swift */; };
		06E4FAD32BC862CB00C7BD4E /* ContentView.swift in Sources */ = {isa = PBXBuildFile; fileRef = 06E4FAD22BC862CB00C7BD4E /* ContentView.swift */; };
		06E4FAD52BC862CC00C7BD4E /* Assets.xcassets in Resources */ = {isa = PBXBuildFile; fileRef = 06E4FAD42BC862CC00C7BD4E /* Assets.xcassets */; };
		06E4FAD82BC862CC00C7BD4E /* Preview Assets.xcassets in Resources */ = {isa = PBXBuildFile; fileRef = 06E4FAD72BC862CC00C7BD4E /* Preview Assets.xcassets */; };
		06E4FAE22BC862CC00C7BD4E /* CultivosUrbanosTests.swift in Sources */ = {isa = PBXBuildFile; fileRef = 06E4FAE12BC862CC00C7BD4E /* CultivosUrbanosTests.swift */; };
		06E4FAEC2BC862CC00C7BD4E /* CultivosUrbanosUITests.swift in Sources */ = {isa = PBXBuildFile; fileRef = 06E4FAEB2BC862CC00C7BD4E /* CultivosUrbanosUITests.swift */; };
		06E4FAEE2BC862CC00C7BD4E /* CultivosUrbanosUITestsLaunchTests.swift in Sources */ = {isa = PBXBuildFile; fileRef = 06E4FAED2BC862CC00C7BD4E /* CultivosUrbanosUITestsLaunchTests.swift */; };
		06E4FAFD2BC86C6800C7BD4E /* LoginView.swift in Sources */ = {isa = PBXBuildFile; fileRef = 06E4FAFC2BC86C6800C7BD4E /* LoginView.swift */; };
		06E4FAFF2BC86DC700C7BD4E /* RegistrationView.swift in Sources */ = {isa = PBXBuildFile; fileRef = 06E4FAFE2BC86DC700C7BD4E /* RegistrationView.swift */; };
		06E4FB012BC86EF100C7BD4E /* MiCultivoView.swift in Sources */ = {isa = PBXBuildFile; fileRef = 06E4FB002BC86EF100C7BD4E /* MiCultivoView.swift */; };
/* End PBXBuildFile section */

/* Begin PBXContainerItemProxy section */
		06E4FADE2BC862CC00C7BD4E /* PBXContainerItemProxy */ = {
			isa = PBXContainerItemProxy;
			containerPortal = 06E4FAC52BC862CB00C7BD4E /* Project object */;
			proxyType = 1;
			remoteGlobalIDString = 06E4FACC2BC862CB00C7BD4E;
			remoteInfo = CultivosUrbanos;
		};
		06E4FAE82BC862CC00C7BD4E /* PBXContainerItemProxy */ = {
			isa = PBXContainerItemProxy;
			containerPortal = 06E4FAC52BC862CB00C7BD4E /* Project object */;
			proxyType = 1;
			remoteGlobalIDString = 06E4FACC2BC862CB00C7BD4E;
			remoteInfo = CultivosUrbanos;
		};
/* End PBXContainerItemProxy section */

/* Begin PBXFileReference section */
		06E4FACD2BC862CB00C7BD4E /* CultivosUrbanos.app */ = {isa = PBXFileReference; explicitFileType = wrapper.application; includeInIndex = 0; path = CultivosUrbanos.app; sourceTree = BUILT_PRODUCTS_DIR; };
		06E4FAD02BC862CB00C7BD4E /* CultivosUrbanosApp.swift */ = {isa = PBXFileReference; lastKnownFileType = sourcecode.swift; path = CultivosUrbanosApp.swift; sourceTree = "<group>"; };
		06E4FAD22BC862CB00C7BD4E /* ContentView.swift */ = {isa = PBXFileReference; lastKnownFileType = sourcecode.swift; path = ContentView.swift; sourceTree = "<group>"; };
		06E4FAD42BC862CC00C7BD4E /* Assets.xcassets */ = {isa = PBXFileReference; lastKnownFileType = folder.assetcatalog; path = Assets.xcassets; sourceTree = "<group>"; };
		06E4FAD72BC862CC00C7BD4E /* Preview Assets.xcassets */ = {isa = PBXFileReference; lastKnownFileType = folder.assetcatalog; path = "Preview Assets.xcassets"; sourceTree = "<group>"; };
		06E4FADD2BC862CC00C7BD4E /* CultivosUrbanosTests.xctest */ = {isa = PBXFileReference; explicitFileType = wrapper.cfbundle; includeInIndex = 0; path = CultivosUrbanosTests.xctest; sourceTree = BUILT_PRODUCTS_DIR; };
		06E4FAE12BC862CC00C7BD4E /* CultivosUrbanosTests.swift */ = {isa = PBXFileReference; lastKnownFileType = sourcecode.swift; path = CultivosUrbanosTests.swift; sourceTree = "<group>"; };
		06E4FAE72BC862CC00C7BD4E /* CultivosUrbanosUITests.xctest */ = {isa = PBXFileReference; explicitFileType = wrapper.cfbundle; includeInIndex = 0; path = CultivosUrbanosUITests.xctest; sourceTree = BUILT_PRODUCTS_DIR; };
		06E4FAEB2BC862CC00C7BD4E /* CultivosUrbanosUITests.swift */ = {isa = PBXFileReference; lastKnownFileType = sourcecode.swift; path = CultivosUrbanosUITests.swift; sourceTree = "<group>"; };
		06E4FAED2BC862CC00C7BD4E /* CultivosUrbanosUITestsLaunchTests.swift */ = {isa = PBXFileReference; lastKnownFileType = sourcecode.swift; path = CultivosUrbanosUITestsLaunchTests.swift; sourceTree = "<group>"; };
		06E4FAFC2BC86C6800C7BD4E /* LoginView.swift */ = {isa = PBXFileReference; lastKnownFileType = sourcecode.swift; path = LoginView.swift; sourceTree = "<group>"; };
		06E4FAFE2BC86DC700C7BD4E /* RegistrationView.swift */ = {isa = PBXFileReference; lastKnownFileType = sourcecode.swift; path = RegistrationView.swift; sourceTree = "<group>"; };
		06E4FB002BC86EF100C7BD4E /* MiCultivoView.swift */ = {isa = PBXFileReference; lastKnownFileType = sourcecode.swift; path = MiCultivoView.swift; sourceTree = "<group>"; };
/* End PBXFileReference section */

/* Begin PBXFrameworksBuildPhase section */
		06E4FACA2BC862CB00C7BD4E /* Frameworks */ = {
			isa = PBXFrameworksBuildPhase;
			buildActionMask = 2147483647;
			files = (
			);
			runOnlyForDeploymentPostprocessing = 0;
		};
		06E4FADA2BC862CC00C7BD4E /* Frameworks */ = {
			isa = PBXFrameworksBuildPhase;
			buildActionMask = 2147483647;
			files = (
			);
			runOnlyForDeploymentPostprocessing = 0;
		};
		06E4FAE42BC862CC00C7BD4E /* Frameworks */ = {
			isa = PBXFrameworksBuildPhase;
			buildActionMask = 2147483647;
			files = (
			);
			runOnlyForDeploymentPostprocessing = 0;
		};
/* End PBXFrameworksBuildPhase section */

/* Begin PBXGroup section */
		06E4FAC42BC862CB00C7BD4E = {
			isa = PBXGroup;
			children = (
				06E4FACF2BC862CB00C7BD4E /* CultivosUrbanos */,
				06E4FAE02BC862CC00C7BD4E /* CultivosUrbanosTests */,
				06E4FAEA2BC862CC00C7BD4E /* CultivosUrbanosUITests */,
				06E4FACE2BC862CB00C7BD4E /* Products */,
			);
			sourceTree = "<group>";
		};
		06E4FACE2BC862CB00C7BD4E /* Products */ = {
			isa = PBXGroup;
			children = (
				06E4FACD2BC862CB00C7BD4E /* CultivosUrbanos.app */,
				06E4FADD2BC862CC00C7BD4E /* CultivosUrbanosTests.xctest */,
				06E4FAE72BC862CC00C7BD4E /* CultivosUrbanosUITests.xctest */,
			);
			name = Products;
			sourceTree = "<group>";
		};
		06E4FACF2BC862CB00C7BD4E /* CultivosUrbanos */ = {
			isa = PBXGroup;
			children = (
				06E4FAD02BC862CB00C7BD4E /* CultivosUrbanosApp.swift */,
				06E4FAFE2BC86DC700C7BD4E /* RegistrationView.swift */,
				06E4FB002BC86EF100C7BD4E /* MiCultivoView.swift */,
				06E4FAD22BC862CB00C7BD4E /* ContentView.swift */,
				06E4FAD42BC862CC00C7BD4E /* Assets.xcassets */,
				06E4FAD62BC862CC00C7BD4E /* Preview Content */,
				06E4FAFC2BC86C6800C7BD4E /* LoginView.swift */,
			);
			path = CultivosUrbanos;
			sourceTree = "<group>";
		};
		06E4FAD62BC862CC00C7BD4E /* Preview Content */ = {
			isa = PBXGroup;
			children = (
				06E4FAD72BC862CC00C7BD4E /* Preview Assets.xcassets */,
			);
			path = "Preview Content";
			sourceTree = "<group>";
		};
		06E4FAE02BC862CC00C7BD4E /* CultivosUrbanosTests */ = {
			isa = PBXGroup;
			children = (
				06E4FAE12BC862CC00C7BD4E /* CultivosUrbanosTests.swift */,
			);
			path = CultivosUrbanosTests;
			sourceTree = "<group>";
		};
		06E4FAEA2BC862CC00C7BD4E /* CultivosUrbanosUITests */ = {
			isa = PBXGroup;
			children = (
				06E4FAEB2BC862CC00C7BD4E /* CultivosUrbanosUITests.swift */,
				06E4FAED2BC862CC00C7BD4E /* CultivosUrbanosUITestsLaunchTests.swift */,
			);
			path = CultivosUrbanosUITests;
			sourceTree = "<group>";
		};
/* End PBXGroup section */

/* Begin PBXNativeTarget section */
		06E4FACC2BC862CB00C7BD4E /* CultivosUrbanos */ = {
			isa = PBXNativeTarget;
			buildConfigurationList = 06E4FAF12BC862CC00C7BD4E /* Build configuration list for PBXNativeTarget "CultivosUrbanos" */;
			buildPhases = (
				06E4FAC92BC862CB00C7BD4E /* Sources */,
				06E4FACA2BC862CB00C7BD4E /* Frameworks */,
				06E4FACB2BC862CB00C7BD4E /* Resources */,
			);
			buildRules = (
			);
			dependencies = (
			);
			name = CultivosUrbanos;
			productName = CultivosUrbanos;
			productReference = 06E4FACD2BC862CB00C7BD4E /* CultivosUrbanos.app */;
			productType = "com.apple.product-type.application";
		};
		06E4FADC2BC862CC00C7BD4E /* CultivosUrbanosTests */ = {
			isa = PBXNativeTarget;
			buildConfigurationList = 06E4FAF42BC862CC00C7BD4E /* Build configuration list for PBXNativeTarget "CultivosUrbanosTests" */;
			buildPhases = (
				06E4FAD92BC862CC00C7BD4E /* Sources */,
				06E4FADA2BC862CC00C7BD4E /* Frameworks */,
				06E4FADB2BC862CC00C7BD4E /* Resources */,
			);
			buildRules = (
			);
			dependencies = (
				06E4FADF2BC862CC00C7BD4E /* PBXTargetDependency */,
			);
			name = CultivosUrbanosTests;
			productName = CultivosUrbanosTests;
			productReference = 06E4FADD2BC862CC00C7BD4E /* CultivosUrbanosTests.xctest */;
			productType = "com.apple.product-type.bundle.unit-test";
		};
		06E4FAE62BC862CC00C7BD4E /* CultivosUrbanosUITests */ = {
			isa = PBXNativeTarget;
			buildConfigurationList = 06E4FAF72BC862CC00C7BD4E /* Build configuration list for PBXNativeTarget "CultivosUrbanosUITests" */;
			buildPhases = (
				06E4FAE32BC862CC00C7BD4E /* Sources */,
				06E4FAE42BC862CC00C7BD4E /* Frameworks */,
				06E4FAE52BC862CC00C7BD4E /* Resources */,
			);
			buildRules = (
			);
			dependencies = (
				06E4FAE92BC862CC00C7BD4E /* PBXTargetDependency */,
			);
			name = CultivosUrbanosUITests;
			productName = CultivosUrbanosUITests;
			productReference = 06E4FAE72BC862CC00C7BD4E /* CultivosUrbanosUITests.xctest */;
			productType = "com.apple.product-type.bundle.ui-testing";
		};
/* End PBXNativeTarget section */

/* Begin PBXProject section */
		06E4FAC52BC862CB00C7BD4E /* Project object */ = {
			isa = PBXProject;
			attributes = {
				BuildIndependentTargetsInParallel = 1;
				LastSwiftUpdateCheck = 1520;
				LastUpgradeCheck = 1520;
				TargetAttributes = {
					06E4FACC2BC862CB00C7BD4E = {
						CreatedOnToolsVersion = 15.2;
					};
					06E4FADC2BC862CC00C7BD4E = {
						CreatedOnToolsVersion = 15.2;
						TestTargetID = 06E4FACC2BC862CB00C7BD4E;
					};
					06E4FAE62BC862CC00C7BD4E = {
						CreatedOnToolsVersion = 15.2;
						TestTargetID = 06E4FACC2BC862CB00C7BD4E;
					};
				};
			};
			buildConfigurationList = 06E4FAC82BC862CB00C7BD4E /* Build configuration list for PBXProject "CultivosUrbanos" */;
			compatibilityVersion = "Xcode 14.0";
			developmentRegion = en;
			hasScannedForEncodings = 0;
			knownRegions = (
				en,
				Base,
			);
			mainGroup = 06E4FAC42BC862CB00C7BD4E;
			productRefGroup = 06E4FACE2BC862CB00C7BD4E /* Products */;
			projectDirPath = "";
			projectRoot = "";
			targets = (
				06E4FACC2BC862CB00C7BD4E /* CultivosUrbanos */,
				06E4FADC2BC862CC00C7BD4E /* CultivosUrbanosTests */,
				06E4FAE62BC862CC00C7BD4E /* CultivosUrbanosUITests */,
			);
		};
/* End PBXProject section */

/* Begin PBXResourcesBuildPhase section */
		06E4FACB2BC862CB00C7BD4E /* Resources */ = {
			isa = PBXResourcesBuildPhase;
			buildActionMask = 2147483647;
			files = (
				06E4FAD82BC862CC00C7BD4E /* Preview Assets.xcassets in Resources */,
				06E4FAD52BC862CC00C7BD4E /* Assets.xcassets in Resources */,
			);
			runOnlyForDeploymentPostprocessing = 0;
		};
		06E4FADB2BC862CC00C7BD4E /* Resources */ = {
			isa = PBXResourcesBuildPhase;
			buildActionMask = 2147483647;
			files = (
			);
			runOnlyForDeploymentPostprocessing = 0;
		};
		06E4FAE52BC862CC00C7BD4E /* Resources */ = {
			isa = PBXResourcesBuildPhase;
			buildActionMask = 2147483647;
			files = (
			);
			runOnlyForDeploymentPostprocessing = 0;
		};
/* End PBXResourcesBuildPhase section */

/* Begin PBXSourcesBuildPhase section */
		06E4FAC92BC862CB00C7BD4E /* Sources */ = {
			isa = PBXSourcesBuildPhase;
			buildActionMask = 2147483647;
			files = (
				06E4FB012BC86EF100C7BD4E /* MiCultivoView.swift in Sources */,
				06E4FAFD2BC86C6800C7BD4E /* LoginView.swift in Sources */,
				06E4FAD32BC862CB00C7BD4E /* ContentView.swift in Sources */,
				06E4FAD12BC862CB00C7BD4E /* CultivosUrbanosApp.swift in Sources */,
				06E4FAFF2BC86DC700C7BD4E /* RegistrationView.swift in Sources */,
			);
			runOnlyForDeploymentPostprocessing = 0;
		};
		06E4FAD92BC862CC00C7BD4E /* Sources */ = {
			isa = PBXSourcesBuildPhase;
			buildActionMask = 2147483647;
			files = (
				06E4FAE22BC862CC00C7BD4E /* CultivosUrbanosTests.swift in Sources */,
			);
			runOnlyForDeploymentPostprocessing = 0;
		};
		06E4FAE32BC862CC00C7BD4E /* Sources */ = {
			isa = PBXSourcesBuildPhase;
			buildActionMask = 2147483647;
			files = (
				06E4FAEE2BC862CC00C7BD4E /* CultivosUrbanosUITestsLaunchTests.swift in Sources */,
				06E4FAEC2BC862CC00C7BD4E /* CultivosUrbanosUITests.swift in Sources */,
			);
			runOnlyForDeploymentPostprocessing = 0;
		};
/* End PBXSourcesBuildPhase section */

/* Begin PBXTargetDependency section */
		06E4FADF2BC862CC00C7BD4E /* PBXTargetDependency */ = {
			isa = PBXTargetDependency;
			target = 06E4FACC2BC862CB00C7BD4E /* CultivosUrbanos */;
			targetProxy = 06E4FADE2BC862CC00C7BD4E /* PBXContainerItemProxy */;
		};
		06E4FAE92BC862CC00C7BD4E /* PBXTargetDependency */ = {
			isa = PBXTargetDependency;
			target = 06E4FACC2BC862CB00C7BD4E /* CultivosUrbanos */;
			targetProxy = 06E4FAE82BC862CC00C7BD4E /* PBXContainerItemProxy */;
		};
/* End PBXTargetDependency section */

/* Begin XCBuildConfiguration section */
		06E4FAEF2BC862CC00C7BD4E /* Debug */ = {
			isa = XCBuildConfiguration;
			buildSettings = {
				ALWAYS_SEARCH_USER_PATHS = NO;
				ASSETCATALOG_COMPILER_GENERATE_SWIFT_ASSET_SYMBOL_EXTENSIONS = YES;
				CLANG_ANALYZER_NONNULL = YES;
				CLANG_ANALYZER_NUMBER_OBJECT_CONVERSION = YES_AGGRESSIVE;
				CLANG_CXX_LANGUAGE_STANDARD = "gnu++20";
				CLANG_ENABLE_MODULES = YES;
				CLANG_ENABLE_OBJC_ARC = YES;
				CLANG_ENABLE_OBJC_WEAK = YES;
				CLANG_WARN_BLOCK_CAPTURE_AUTORELEASING = YES;
				CLANG_WARN_BOOL_CONVERSION = YES;
				CLANG_WARN_COMMA = YES;
				CLANG_WARN_CONSTANT_CONVERSION = YES;
				CLANG_WARN_DEPRECATED_OBJC_IMPLEMENTATIONS = YES;
				CLANG_WARN_DIRECT_OBJC_ISA_USAGE = YES_ERROR;
				CLANG_WARN_DOCUMENTATION_COMMENTS = YES;
				CLANG_WARN_EMPTY_BODY = YES;
				CLANG_WARN_ENUM_CONVERSION = YES;
				CLANG_WARN_INFINITE_RECURSION = YES;
				CLANG_WARN_INT_CONVERSION = YES;
				CLANG_WARN_NON_LITERAL_NULL_CONVERSION = YES;
				CLANG_WARN_OBJC_IMPLICIT_RETAIN_SELF = YES;
				CLANG_WARN_OBJC_LITERAL_CONVERSION = YES;
				CLANG_WARN_OBJC_ROOT_CLASS = YES_ERROR;
				CLANG_WARN_QUOTED_INCLUDE_IN_FRAMEWORK_HEADER = YES;
				CLANG_WARN_RANGE_LOOP_ANALYSIS = YES;
				CLANG_WARN_STRICT_PROTOTYPES = YES;
				CLANG_WARN_SUSPICIOUS_MOVE = YES;
				CLANG_WARN_UNGUARDED_AVAILABILITY = YES_AGGRESSIVE;
				CLANG_WARN_UNREACHABLE_CODE = YES;
				CLANG_WARN__DUPLICATE_METHOD_MATCH = YES;
				COPY_PHASE_STRIP = NO;
				DEBUG_INFORMATION_FORMAT = dwarf;
				ENABLE_STRICT_OBJC_MSGSEND = YES;
				ENABLE_TESTABILITY = YES;
				ENABLE_USER_SCRIPT_SANDBOXING = YES;
				GCC_C_LANGUAGE_STANDARD = gnu17;
				GCC_DYNAMIC_NO_PIC = NO;
				GCC_NO_COMMON_BLOCKS = YES;
				GCC_OPTIMIZATION_LEVEL = 0;
				GCC_PREPROCESSOR_DEFINITIONS = (
					"DEBUG=1",
					"$(inherited)",
				);
				GCC_WARN_64_TO_32_BIT_CONVERSION = YES;
				GCC_WARN_ABOUT_RETURN_TYPE = YES_ERROR;
				GCC_WARN_UNDECLARED_SELECTOR = YES;
				GCC_WARN_UNINITIALIZED_AUTOS = YES_AGGRESSIVE;
				GCC_WARN_UNUSED_FUNCTION = YES;
				GCC_WARN_UNUSED_VARIABLE = YES;
				IPHONEOS_DEPLOYMENT_TARGET = 17.2;
				LOCALIZATION_PREFERS_STRING_CATALOGS = YES;
				MTL_ENABLE_DEBUG_INFO = INCLUDE_SOURCE;
				MTL_FAST_MATH = YES;
				ONLY_ACTIVE_ARCH = YES;
				SDKROOT = iphoneos;
				SWIFT_ACTIVE_COMPILATION_CONDITIONS = "DEBUG $(inherited)";
				SWIFT_OPTIMIZATION_LEVEL = "-Onone";
			};
			name = Debug;
		};
		06E4FAF02BC862CC00C7BD4E /* Release */ = {
			isa = XCBuildConfiguration;
			buildSettings = {
				ALWAYS_SEARCH_USER_PATHS = NO;
				ASSETCATALOG_COMPILER_GENERATE_SWIFT_ASSET_SYMBOL_EXTENSIONS = YES;
				CLANG_ANALYZER_NONNULL = YES;
				CLANG_ANALYZER_NUMBER_OBJECT_CONVERSION = YES_AGGRESSIVE;
				CLANG_CXX_LANGUAGE_STANDARD = "gnu++20";
				CLANG_ENABLE_MODULES = YES;
				CLANG_ENABLE_OBJC_ARC = YES;
				CLANG_ENABLE_OBJC_WEAK = YES;
				CLANG_WARN_BLOCK_CAPTURE_AUTORELEASING = YES;
				CLANG_WARN_BOOL_CONVERSION = YES;
				CLANG_WARN_COMMA = YES;
				CLANG_WARN_CONSTANT_CONVERSION = YES;
				CLANG_WARN_DEPRECATED_OBJC_IMPLEMENTATIONS = YES;
				CLANG_WARN_DIRECT_OBJC_ISA_USAGE = YES_ERROR;
				CLANG_WARN_DOCUMENTATION_COMMENTS = YES;
				CLANG_WARN_EMPTY_BODY = YES;
				CLANG_WARN_ENUM_CONVERSION = YES;
				CLANG_WARN_INFINITE_RECURSION = YES;
				CLANG_WARN_INT_CONVERSION = YES;
				CLANG_WARN_NON_LITERAL_NULL_CONVERSION = YES;
				CLANG_WARN_OBJC_IMPLICIT_RETAIN_SELF = YES;
				CLANG_WARN_OBJC_LITERAL_CONVERSION = YES;
				CLANG_WARN_OBJC_ROOT_CLASS = YES_ERROR;
				CLANG_WARN_QUOTED_INCLUDE_IN_FRAMEWORK_HEADER = YES;
				CLANG_WARN_RANGE_LOOP_ANALYSIS = YES;
				CLANG_WARN_STRICT_PROTOTYPES = YES;
				CLANG_WARN_SUSPICIOUS_MOVE = YES;
				CLANG_WARN_UNGUARDED_AVAILABILITY = YES_AGGRESSIVE;
				CLANG_WARN_UNREACHABLE_CODE = YES;
				CLANG_WARN__DUPLICATE_METHOD_MATCH = YES;
				COPY_PHASE_STRIP = NO;
				DEBUG_INFORMATION_FORMAT = "dwarf-with-dsym";
				ENABLE_NS_ASSERTIONS = NO;
				ENABLE_STRICT_OBJC_MSGSEND = YES;
				ENABLE_USER_SCRIPT_SANDBOXING = YES;
				GCC_C_LANGUAGE_STANDARD = gnu17;
				GCC_NO_COMMON_BLOCKS = YES;
				GCC_WARN_64_TO_32_BIT_CONVERSION = YES;
				GCC_WARN_ABOUT_RETURN_TYPE = YES_ERROR;
				GCC_WARN_UNDECLARED_SELECTOR = YES;
				GCC_WARN_UNINITIALIZED_AUTOS = YES_AGGRESSIVE;
				GCC_WARN_UNUSED_FUNCTION = YES;
				GCC_WARN_UNUSED_VARIABLE = YES;
				IPHONEOS_DEPLOYMENT_TARGET = 17.2;
				LOCALIZATION_PREFERS_STRING_CATALOGS = YES;
				MTL_ENABLE_DEBUG_INFO = NO;
				MTL_FAST_MATH = YES;
				SDKROOT = iphoneos;
				SWIFT_COMPILATION_MODE = wholemodule;
				VALIDATE_PRODUCT = YES;
			};
			name = Release;
		};
		06E4FAF22BC862CC00C7BD4E /* Debug */ = {
			isa = XCBuildConfiguration;
			buildSettings = {
				ASSETCATALOG_COMPILER_APPICON_NAME = AppIcon;
				ASSETCATALOG_COMPILER_GLOBAL_ACCENT_COLOR_NAME = AccentColor;
				CODE_SIGN_STYLE = Automatic;
				CURRENT_PROJECT_VERSION = 1;
				DEVELOPMENT_ASSET_PATHS = "\"CultivosUrbanos/Preview Content\"";
				ENABLE_PREVIEWS = YES;
				GENERATE_INFOPLIST_FILE = YES;
				INFOPLIST_KEY_UIApplicationSceneManifest_Generation = YES;
				INFOPLIST_KEY_UIApplicationSupportsIndirectInputEvents = YES;
				INFOPLIST_KEY_UILaunchScreen_Generation = YES;
				INFOPLIST_KEY_UISupportedInterfaceOrientations_iPad = "UIInterfaceOrientationPortrait UIInterfaceOrientationPortraitUpsideDown UIInterfaceOrientationLandscapeLeft UIInterfaceOrientationLandscapeRight";
				INFOPLIST_KEY_UISupportedInterfaceOrientations_iPhone = "UIInterfaceOrientationPortrait UIInterfaceOrientationLandscapeLeft UIInterfaceOrientationLandscapeRight";
				LD_RUNPATH_SEARCH_PATHS = (
					"$(inherited)",
					"@executable_path/Frameworks",
				);
				MARKETING_VERSION = 1.0;
				PRODUCT_BUNDLE_IDENTIFIER = d.CultivosUrbanos;
				PRODUCT_NAME = "$(TARGET_NAME)";
				SWIFT_EMIT_LOC_STRINGS = YES;
				SWIFT_VERSION = 5.0;
				TARGETED_DEVICE_FAMILY = "1,2";
			};
			name = Debug;
		};
		06E4FAF32BC862CC00C7BD4E /* Release */ = {
			isa = XCBuildConfiguration;
			buildSettings = {
				ASSETCATALOG_COMPILER_APPICON_NAME = AppIcon;
				ASSETCATALOG_COMPILER_GLOBAL_ACCENT_COLOR_NAME = AccentColor;
				CODE_SIGN_STYLE = Automatic;
				CURRENT_PROJECT_VERSION = 1;
				DEVELOPMENT_ASSET_PATHS = "\"CultivosUrbanos/Preview Content\"";
				ENABLE_PREVIEWS = YES;
				GENERATE_INFOPLIST_FILE = YES;
				INFOPLIST_KEY_UIApplicationSceneManifest_Generation = YES;
				INFOPLIST_KEY_UIApplicationSupportsIndirectInputEvents = YES;
				INFOPLIST_KEY_UILaunchScreen_Generation = YES;
				INFOPLIST_KEY_UISupportedInterfaceOrientations_iPad = "UIInterfaceOrientationPortrait UIInterfaceOrientationPortraitUpsideDown UIInterfaceOrientationLandscapeLeft UIInterfaceOrientationLandscapeRight";
				INFOPLIST_KEY_UISupportedInterfaceOrientations_iPhone = "UIInterfaceOrientationPortrait UIInterfaceOrientationLandscapeLeft UIInterfaceOrientationLandscapeRight";
				LD_RUNPATH_SEARCH_PATHS = (
					"$(inherited)",
					"@executable_path/Frameworks",
				);
				MARKETING_VERSION = 1.0;
				PRODUCT_BUNDLE_IDENTIFIER = d.CultivosUrbanos;
				PRODUCT_NAME = "$(TARGET_NAME)";
				SWIFT_EMIT_LOC_STRINGS = YES;
				SWIFT_VERSION = 5.0;
				TARGETED_DEVICE_FAMILY = "1,2";
			};
			name = Release;
		};
		06E4FAF52BC862CC00C7BD4E /* Debug */ = {
			isa = XCBuildConfiguration;
			buildSettings = {
				ALWAYS_EMBED_SWIFT_STANDARD_LIBRARIES = YES;
				BUNDLE_LOADER = "$(TEST_HOST)";
				CODE_SIGN_STYLE = Automatic;
				CURRENT_PROJECT_VERSION = 1;
				GENERATE_INFOPLIST_FILE = YES;
				IPHONEOS_DEPLOYMENT_TARGET = 17.2;
				MARKETING_VERSION = 1.0;
				PRODUCT_BUNDLE_IDENTIFIER = d.CultivosUrbanosTests;
				PRODUCT_NAME = "$(TARGET_NAME)";
				SWIFT_EMIT_LOC_STRINGS = NO;
				SWIFT_VERSION = 5.0;
				TARGETED_DEVICE_FAMILY = "1,2";
				TEST_HOST = "$(BUILT_PRODUCTS_DIR)/CultivosUrbanos.app/$(BUNDLE_EXECUTABLE_FOLDER_PATH)/CultivosUrbanos";
			};
			name = Debug;
		};
		06E4FAF62BC862CC00C7BD4E /* Release */ = {
			isa = XCBuildConfiguration;
			buildSettings = {
				ALWAYS_EMBED_SWIFT_STANDARD_LIBRARIES = YES;
				BUNDLE_LOADER = "$(TEST_HOST)";
				CODE_SIGN_STYLE = Automatic;
				CURRENT_PROJECT_VERSION = 1;
				GENERATE_INFOPLIST_FILE = YES;
				IPHONEOS_DEPLOYMENT_TARGET = 17.2;
				MARKETING_VERSION = 1.0;
				PRODUCT_BUNDLE_IDENTIFIER = d.CultivosUrbanosTests;
				PRODUCT_NAME = "$(TARGET_NAME)";
				SWIFT_EMIT_LOC_STRINGS = NO;
				SWIFT_VERSION = 5.0;
				TARGETED_DEVICE_FAMILY = "1,2";
				TEST_HOST = "$(BUILT_PRODUCTS_DIR)/CultivosUrbanos.app/$(BUNDLE_EXECUTABLE_FOLDER_PATH)/CultivosUrbanos";
			};
			name = Release;
		};
		06E4FAF82BC862CC00C7BD4E /* Debug */ = {
			isa = XCBuildConfiguration;
			buildSettings = {
				ALWAYS_EMBED_SWIFT_STANDARD_LIBRARIES = YES;
				CODE_SIGN_STYLE = Automatic;
				CURRENT_PROJECT_VERSION = 1;
				GENERATE_INFOPLIST_FILE = YES;
				MARKETING_VERSION = 1.0;
				PRODUCT_BUNDLE_IDENTIFIER = d.CultivosUrbanosUITests;
				PRODUCT_NAME = "$(TARGET_NAME)";
				SWIFT_EMIT_LOC_STRINGS = NO;
				SWIFT_VERSION = 5.0;
				TARGETED_DEVICE_FAMILY = "1,2";
				TEST_TARGET_NAME = CultivosUrbanos;
			};
			name = Debug;
		};
		06E4FAF92BC862CC00C7BD4E /* Release */ = {
			isa = XCBuildConfiguration;
			buildSettings = {
				ALWAYS_EMBED_SWIFT_STANDARD_LIBRARIES = YES;
				CODE_SIGN_STYLE = Automatic;
				CURRENT_PROJECT_VERSION = 1;
				GENERATE_INFOPLIST_FILE = YES;
				MARKETING_VERSION = 1.0;
				PRODUCT_BUNDLE_IDENTIFIER = d.CultivosUrbanosUITests;
				PRODUCT_NAME = "$(TARGET_NAME)";
				SWIFT_EMIT_LOC_STRINGS = NO;
				SWIFT_VERSION = 5.0;
				TARGETED_DEVICE_FAMILY = "1,2";
				TEST_TARGET_NAME = CultivosUrbanos;
			};
			name = Release;
		};
/* End XCBuildConfiguration section */

/* Begin XCConfigurationList section */
		06E4FAC82BC862CB00C7BD4E /* Build configuration list for PBXProject "CultivosUrbanos" */ = {
			isa = XCConfigurationList;
			buildConfigurations = (
				06E4FAEF2BC862CC00C7BD4E /* Debug */,
				06E4FAF02BC862CC00C7BD4E /* Release */,
			);
			defaultConfigurationIsVisible = 0;
			defaultConfigurationName = Release;
		};
		06E4FAF12BC862CC00C7BD4E /* Build configuration list for PBXNativeTarget "CultivosUrbanos" */ = {
			isa = XCConfigurationList;
			buildConfigurations = (
				06E4FAF22BC862CC00C7BD4E /* Debug */,
				06E4FAF32BC862CC00C7BD4E /* Release */,
			);
			defaultConfigurationIsVisible = 0;
			defaultConfigurationName = Release;
		};
		06E4FAF42BC862CC00C7BD4E /* Build configuration list for PBXNativeTarget "CultivosUrbanosTests" */ = {
			isa = XCConfigurationList;
			buildConfigurations = (
				06E4FAF52BC862CC00C7BD4E /* Debug */,
				06E4FAF62BC862CC00C7BD4E /* Release */,
			);
			defaultConfigurationIsVisible = 0;
			defaultConfigurationName = Release;
		};
		06E4FAF72BC862CC00C7BD4E /* Build configuration list for PBXNativeTarget "CultivosUrbanosUITests" */ = {
			isa = XCConfigurationList;
			buildConfigurations = (
				06E4FAF82BC862CC00C7BD4E /* Debug */,
				06E4FAF92BC862CC00C7BD4E /* Release */,
			);
			defaultConfigurationIsVisible = 0;
			defaultConfigurationName = Release;
		};
/* End XCConfigurationList section */
	};
	rootObject = 06E4FAC52BC862CB00C7BD4E /* Project object */;
}
